// !$*UTF8*$!
{
	archiveVersion = 1;
	classes = {
	};
	objectVersion = 51;
	objects = {

/* Begin PBXBuildFile section */
		4121B06723F90C4C002CF1DA /* RAMPathRecordController.swift in Sources */ = {isa = PBXBuildFile; fileRef = 4121B06623F90C4C002CF1DA /* RAMPathRecordController.swift */; };
		4121B06923F90C6F002CF1DA /* RAMUserController.swift in Sources */ = {isa = PBXBuildFile; fileRef = 4121B06823F90C6F002CF1DA /* RAMUserController.swift */; };
		4121B06B23F90C96002CF1DA /* RAMRecordController.swift in Sources */ = {isa = PBXBuildFile; fileRef = 4121B06A23F90C96002CF1DA /* RAMRecordController.swift */; };
		4121B06E23F971B7002CF1DA /* RAMNavigator.swift in Sources */ = {isa = PBXBuildFile; fileRef = 4121B06D23F971B7002CF1DA /* RAMNavigator.swift */; };
		4121B07123F9796E002CF1DA /* RAMUtil.swift in Sources */ = {isa = PBXBuildFile; fileRef = 4121B07023F9796E002CF1DA /* RAMUtil.swift */; };
		4121B07423FA648C002CF1DA /* RAMViewFrameExtension.swift in Sources */ = {isa = PBXBuildFile; fileRef = 4121B07323FA648B002CF1DA /* RAMViewFrameExtension.swift */; };
		4121B07623FA70C2002CF1DA /* RAMRunningController.swift in Sources */ = {isa = PBXBuildFile; fileRef = 4121B07523FA70C2002CF1DA /* RAMRunningController.swift */; };
		4121B07823FA79EA002CF1DA /* RAMRunningMapController.swift in Sources */ = {isa = PBXBuildFile; fileRef = 4121B07723FA79EA002CF1DA /* RAMRunningMapController.swift */; };
		4121B07A23FA79FD002CF1DA /* RAMRunningDetailController.swift in Sources */ = {isa = PBXBuildFile; fileRef = 4121B07923FA79FD002CF1DA /* RAMRunningDetailController.swift */; };
		4121B07C23FBE374002CF1DA /* RAMLocationMars.swift in Sources */ = {isa = PBXBuildFile; fileRef = 4121B07B23FBE374002CF1DA /* RAMLocationMars.swift */; };
		4121B07F23FBFB2F002CF1DA /* rencai.gpx in Resources */ = {isa = PBXBuildFile; fileRef = 4121B07D23FBFB2E002CF1DA /* rencai.gpx */; };
		4121B08023FBFB2F002CF1DA /* run.gpx in Resources */ = {isa = PBXBuildFile; fileRef = 4121B07E23FBFB2E002CF1DA /* run.gpx */; };
		4121B08223FCD588002CF1DA /* RAMRecordTableViewCell.swift in Sources */ = {isa = PBXBuildFile; fileRef = 4121B08123FCD588002CF1DA /* RAMRecordTableViewCell.swift */; };
		4121B08423FCD8E5002CF1DA /* RAMRecordSectionHeaderView.swift in Sources */ = {isa = PBXBuildFile; fileRef = 4121B08323FCD8E5002CF1DA /* RAMRecordSectionHeaderView.swift */; };
		4121B08623FD1043002CF1DA /* RAMUserModel.swift in Sources */ = {isa = PBXBuildFile; fileRef = 4121B08523FD1043002CF1DA /* RAMUserModel.swift */; };
		4121B08823FD18F3002CF1DA /* RAMGPXModel.swift in Sources */ = {isa = PBXBuildFile; fileRef = 41A7400123F67790008637CD /* RAMGPXModel.swift */; };
		4121B08A23FD2248002CF1DA /* RAMRunModel.swift in Sources */ = {isa = PBXBuildFile; fileRef = 4121B08923FD2248002CF1DA /* RAMRunModel.swift */; };
		4121B08C23FD229C002CF1DA /* RAMMonthRunModel.swift in Sources */ = {isa = PBXBuildFile; fileRef = 4121B08B23FD229C002CF1DA /* RAMMonthRunModel.swift */; };
		4121B09123FD7D40002CF1DA /* RAMDetailController.swift in Sources */ = {isa = PBXBuildFile; fileRef = 4121B09023FD7D40002CF1DA /* RAMDetailController.swift */; };
		4121B09323FD8881002CF1DA /* RAMDetailDateTableViewCell.swift in Sources */ = {isa = PBXBuildFile; fileRef = 4121B09223FD8881002CF1DA /* RAMDetailDateTableViewCell.swift */; };
		4121B09523FE66E3002CF1DA /* RAMViewLineExtension.swift in Sources */ = {isa = PBXBuildFile; fileRef = 4121B09423FE66E2002CF1DA /* RAMViewLineExtension.swift */; };
		4121B09723FE6C18002CF1DA /* RAMMacros.swift in Sources */ = {isa = PBXBuildFile; fileRef = 4121B09623FE6C18002CF1DA /* RAMMacros.swift */; };
		4121B09923FE736D002CF1DA /* RAMStaticTableCellData.swift in Sources */ = {isa = PBXBuildFile; fileRef = 4121B09823FE736D002CF1DA /* RAMStaticTableCellData.swift */; };
		4121B09B23FE79F4002CF1DA /* RAMDetailInfoTableViewCell.swift in Sources */ = {isa = PBXBuildFile; fileRef = 4121B09A23FE79F4002CF1DA /* RAMDetailInfoTableViewCell.swift */; };
		4121B09D23FE8771002CF1DA /* RAMDetailMapTableViewCell.swift in Sources */ = {isa = PBXBuildFile; fileRef = 4121B09C23FE8771002CF1DA /* RAMDetailMapTableViewCell.swift */; };
		4121B09F23FE89FB002CF1DA /* RAMDetailMapController.swift in Sources */ = {isa = PBXBuildFile; fileRef = 4121B09E23FE89FB002CF1DA /* RAMDetailMapController.swift */; };
		41343E8B2400243D0016A82F /* RAMSportMainHeadView.swift in Sources */ = {isa = PBXBuildFile; fileRef = 41343E8A2400243D0016A82F /* RAMSportMainHeadView.swift */; };
		41343E902400F8440016A82F /* RAMRunningInfoView.swift in Sources */ = {isa = PBXBuildFile; fileRef = 41343E8F2400F8440016A82F /* RAMRunningInfoView.swift */; };
		41343E9224021CB40016A82F /* RAMRunningPauseView.swift in Sources */ = {isa = PBXBuildFile; fileRef = 41343E9124021CB40016A82F /* RAMRunningPauseView.swift */; };
		41343E9424021CC50016A82F /* RAMRunningStartView.swift in Sources */ = {isa = PBXBuildFile; fileRef = 41343E9324021CC50016A82F /* RAMRunningStartView.swift */; };
		41343E9624021CD00016A82F /* RAMRunningEndView.swift in Sources */ = {isa = PBXBuildFile; fileRef = 41343E9524021CD00016A82F /* RAMRunningEndView.swift */; };
		41343E98240220670016A82F /* RAMRunningManuView.swift in Sources */ = {isa = PBXBuildFile; fileRef = 41343E97240220670016A82F /* RAMRunningManuView.swift */; };
		41343E9A240221020016A82F /* RAMRunningPageControlView.swift in Sources */ = {isa = PBXBuildFile; fileRef = 41343E99240221020016A82F /* RAMRunningPageControlView.swift */; };
		41343E9C240221140016A82F /* RAMRunningMusicView.swift in Sources */ = {isa = PBXBuildFile; fileRef = 41343E9B240221140016A82F /* RAMRunningMusicView.swift */; };
		41548F5623F434EB0055E981 /* AppDelegate.swift in Sources */ = {isa = PBXBuildFile; fileRef = 41548F5523F434EB0055E981 /* AppDelegate.swift */; };
		41548F5A23F434EB0055E981 /* RAMSportMainController.swift in Sources */ = {isa = PBXBuildFile; fileRef = 41548F5923F434EB0055E981 /* RAMSportMainController.swift */; };
		41548F5D23F434EB0055E981 /* Main.storyboard in Resources */ = {isa = PBXBuildFile; fileRef = 41548F5B23F434EB0055E981 /* Main.storyboard */; };
		41548F5F23F434EE0055E981 /* Assets.xcassets in Resources */ = {isa = PBXBuildFile; fileRef = 41548F5E23F434EE0055E981 /* Assets.xcassets */; };
		41548F6223F434EE0055E981 /* LaunchScreen.storyboard in Resources */ = {isa = PBXBuildFile; fileRef = 41548F6023F434EE0055E981 /* LaunchScreen.storyboard */; };
		41790D3023FED24E0091E82B /* RAMSportMainCenterCircleView.swift in Sources */ = {isa = PBXBuildFile; fileRef = 41790D2F23FED24E0091E82B /* RAMSportMainCenterCircleView.swift */; };
		41790D3E23FFB1340091E82B /* RAMSportMainCurveView.swift in Sources */ = {isa = PBXBuildFile; fileRef = 41790D3D23FFB1340091E82B /* RAMSportMainCurveView.swift */; };
		4193476E2418E82E0092A0A2 /* RAMRunningMapModel.swift in Sources */ = {isa = PBXBuildFile; fileRef = 4193476D2418E82E0092A0A2 /* RAMRunningMapModel.swift */; };
		41A33FE223FFCB9600B9D175 /* RAMSportMainRecordGraphView.swift in Sources */ = {isa = PBXBuildFile; fileRef = 41A33FE123FFCB9600B9D175 /* RAMSportMainRecordGraphView.swift */; };
		41A33FE523FFD6A200B9D175 /* RAMSportMainAddView.swift in Sources */ = {isa = PBXBuildFile; fileRef = 41A33FE423FFD6A200B9D175 /* RAMSportMainAddView.swift */; };
		41A5B89124289D7C00E3AF38 /* RAMRunningSegue.swift in Sources */ = {isa = PBXBuildFile; fileRef = 41A5B89024289D7C00E3AF38 /* RAMRunningSegue.swift */; };
		41A5B8932428B2E000E3AF38 /* RAMRunningDismissSegue.swift in Sources */ = {isa = PBXBuildFile; fileRef = 41A5B8922428B2E000E3AF38 /* RAMRunningDismissSegue.swift */; };
		41A7400023F676EC008637CD /* RAMGPXAnalysis.swift in Sources */ = {isa = PBXBuildFile; fileRef = 41A73FFF23F676EC008637CD /* RAMGPXAnalysis.swift */; };
		41A7400423F67CC6008637CD /* letoursport30.gpx in Resources */ = {isa = PBXBuildFile; fileRef = 41A7400323F67CC6008637CD /* letoursport30.gpx */; };
		41A7400C23F68767008637CD /* RAMSportTests.swift in Sources */ = {isa = PBXBuildFile; fileRef = 41A7400B23F68767008637CD /* RAMSportTests.swift */; };
		41D257A323F57D520028B094 /* letoursport8.gpx in Resources */ = {isa = PBXBuildFile; fileRef = 41D257A223F57D520028B094 /* letoursport8.gpx */; };
		A16B35482E1BAEBBB32BC3FF /* Pods_RAMSport.framework in Frameworks */ = {isa = PBXBuildFile; fileRef = 33909F8680AFA7B13912EBEB /* Pods_RAMSport.framework */; };
/* End PBXBuildFile section */

/* Begin PBXContainerItemProxy section */
		41A7400E23F68767008637CD /* PBXContainerItemProxy */ = {
			isa = PBXContainerItemProxy;
			containerPortal = 41548F4A23F434EB0055E981 /* Project object */;
			proxyType = 1;
			remoteGlobalIDString = 41548F5123F434EB0055E981;
			remoteInfo = RAMSport;
		};
/* End PBXContainerItemProxy section */

/* Begin PBXFileReference section */
		33909F8680AFA7B13912EBEB /* Pods_RAMSport.framework */ = {isa = PBXFileReference; explicitFileType = wrapper.framework; includeInIndex = 0; path = Pods_RAMSport.framework; sourceTree = BUILT_PRODUCTS_DIR; };
		4121B06623F90C4C002CF1DA /* RAMPathRecordController.swift */ = {isa = PBXFileReference; lastKnownFileType = sourcecode.swift; path = RAMPathRecordController.swift; sourceTree = "<group>"; };
		4121B06823F90C6F002CF1DA /* RAMUserController.swift */ = {isa = PBXFileReference; lastKnownFileType = sourcecode.swift; path = RAMUserController.swift; sourceTree = "<group>"; };
		4121B06A23F90C96002CF1DA /* RAMRecordController.swift */ = {isa = PBXFileReference; lastKnownFileType = sourcecode.swift; path = RAMRecordController.swift; sourceTree = "<group>"; };
		4121B06D23F971B7002CF1DA /* RAMNavigator.swift */ = {isa = PBXFileReference; lastKnownFileType = sourcecode.swift; path = RAMNavigator.swift; sourceTree = "<group>"; };
		4121B07023F9796E002CF1DA /* RAMUtil.swift */ = {isa = PBXFileReference; lastKnownFileType = sourcecode.swift; path = RAMUtil.swift; sourceTree = "<group>"; };
		4121B07323FA648B002CF1DA /* RAMViewFrameExtension.swift */ = {isa = PBXFileReference; lastKnownFileType = sourcecode.swift; path = RAMViewFrameExtension.swift; sourceTree = "<group>"; };
		4121B07523FA70C2002CF1DA /* RAMRunningController.swift */ = {isa = PBXFileReference; lastKnownFileType = sourcecode.swift; path = RAMRunningController.swift; sourceTree = "<group>"; };
		4121B07723FA79EA002CF1DA /* RAMRunningMapController.swift */ = {isa = PBXFileReference; lastKnownFileType = sourcecode.swift; path = RAMRunningMapController.swift; sourceTree = "<group>"; };
		4121B07923FA79FD002CF1DA /* RAMRunningDetailController.swift */ = {isa = PBXFileReference; lastKnownFileType = sourcecode.swift; path = RAMRunningDetailController.swift; sourceTree = "<group>"; };
		4121B07B23FBE374002CF1DA /* RAMLocationMars.swift */ = {isa = PBXFileReference; lastKnownFileType = sourcecode.swift; path = RAMLocationMars.swift; sourceTree = "<group>"; };
		4121B07D23FBFB2E002CF1DA /* rencai.gpx */ = {isa = PBXFileReference; fileEncoding = 4; lastKnownFileType = text.xml; path = rencai.gpx; sourceTree = "<group>"; };
		4121B07E23FBFB2E002CF1DA /* run.gpx */ = {isa = PBXFileReference; fileEncoding = 4; lastKnownFileType = text.xml; path = run.gpx; sourceTree = "<group>"; };
		4121B08123FCD588002CF1DA /* RAMRecordTableViewCell.swift */ = {isa = PBXFileReference; lastKnownFileType = sourcecode.swift; path = RAMRecordTableViewCell.swift; sourceTree = "<group>"; };
		4121B08323FCD8E5002CF1DA /* RAMRecordSectionHeaderView.swift */ = {isa = PBXFileReference; lastKnownFileType = sourcecode.swift; path = RAMRecordSectionHeaderView.swift; sourceTree = "<group>"; };
		4121B08523FD1043002CF1DA /* RAMUserModel.swift */ = {isa = PBXFileReference; lastKnownFileType = sourcecode.swift; path = RAMUserModel.swift; sourceTree = "<group>"; };
		4121B08923FD2248002CF1DA /* RAMRunModel.swift */ = {isa = PBXFileReference; lastKnownFileType = sourcecode.swift; path = RAMRunModel.swift; sourceTree = "<group>"; };
		4121B08B23FD229C002CF1DA /* RAMMonthRunModel.swift */ = {isa = PBXFileReference; lastKnownFileType = sourcecode.swift; path = RAMMonthRunModel.swift; sourceTree = "<group>"; };
		4121B09023FD7D40002CF1DA /* RAMDetailController.swift */ = {isa = PBXFileReference; lastKnownFileType = sourcecode.swift; path = RAMDetailController.swift; sourceTree = "<group>"; };
		4121B09223FD8881002CF1DA /* RAMDetailDateTableViewCell.swift */ = {isa = PBXFileReference; lastKnownFileType = sourcecode.swift; path = RAMDetailDateTableViewCell.swift; sourceTree = "<group>"; };
		4121B09423FE66E2002CF1DA /* RAMViewLineExtension.swift */ = {isa = PBXFileReference; lastKnownFileType = sourcecode.swift; path = RAMViewLineExtension.swift; sourceTree = "<group>"; };
		4121B09623FE6C18002CF1DA /* RAMMacros.swift */ = {isa = PBXFileReference; lastKnownFileType = sourcecode.swift; path = RAMMacros.swift; sourceTree = "<group>"; };
		4121B09823FE736D002CF1DA /* RAMStaticTableCellData.swift */ = {isa = PBXFileReference; lastKnownFileType = sourcecode.swift; path = RAMStaticTableCellData.swift; sourceTree = "<group>"; };
		4121B09A23FE79F4002CF1DA /* RAMDetailInfoTableViewCell.swift */ = {isa = PBXFileReference; lastKnownFileType = sourcecode.swift; path = RAMDetailInfoTableViewCell.swift; sourceTree = "<group>"; };
		4121B09C23FE8771002CF1DA /* RAMDetailMapTableViewCell.swift */ = {isa = PBXFileReference; lastKnownFileType = sourcecode.swift; path = RAMDetailMapTableViewCell.swift; sourceTree = "<group>"; };
		4121B09E23FE89FB002CF1DA /* RAMDetailMapController.swift */ = {isa = PBXFileReference; lastKnownFileType = sourcecode.swift; path = RAMDetailMapController.swift; sourceTree = "<group>"; };
		41343E8A2400243D0016A82F /* RAMSportMainHeadView.swift */ = {isa = PBXFileReference; lastKnownFileType = sourcecode.swift; path = RAMSportMainHeadView.swift; sourceTree = "<group>"; };
		41343E8F2400F8440016A82F /* RAMRunningInfoView.swift */ = {isa = PBXFileReference; lastKnownFileType = sourcecode.swift; path = RAMRunningInfoView.swift; sourceTree = "<group>"; };
		41343E9124021CB40016A82F /* RAMRunningPauseView.swift */ = {isa = PBXFileReference; lastKnownFileType = sourcecode.swift; path = RAMRunningPauseView.swift; sourceTree = "<group>"; };
		41343E9324021CC50016A82F /* RAMRunningStartView.swift */ = {isa = PBXFileReference; lastKnownFileType = sourcecode.swift; path = RAMRunningStartView.swift; sourceTree = "<group>"; };
		41343E9524021CD00016A82F /* RAMRunningEndView.swift */ = {isa = PBXFileReference; lastKnownFileType = sourcecode.swift; path = RAMRunningEndView.swift; sourceTree = "<group>"; };
		41343E97240220670016A82F /* RAMRunningManuView.swift */ = {isa = PBXFileReference; lastKnownFileType = sourcecode.swift; path = RAMRunningManuView.swift; sourceTree = "<group>"; };
		41343E99240221020016A82F /* RAMRunningPageControlView.swift */ = {isa = PBXFileReference; lastKnownFileType = sourcecode.swift; path = RAMRunningPageControlView.swift; sourceTree = "<group>"; };
		41343E9B240221140016A82F /* RAMRunningMusicView.swift */ = {isa = PBXFileReference; lastKnownFileType = sourcecode.swift; path = RAMRunningMusicView.swift; sourceTree = "<group>"; };
		41548F5223F434EB0055E981 /* RAMSport.app */ = {isa = PBXFileReference; explicitFileType = wrapper.application; includeInIndex = 0; path = RAMSport.app; sourceTree = BUILT_PRODUCTS_DIR; };
		41548F5523F434EB0055E981 /* AppDelegate.swift */ = {isa = PBXFileReference; lastKnownFileType = sourcecode.swift; path = AppDelegate.swift; sourceTree = "<group>"; };
		41548F5923F434EB0055E981 /* RAMSportMainController.swift */ = {isa = PBXFileReference; lastKnownFileType = sourcecode.swift; path = RAMSportMainController.swift; sourceTree = "<group>"; };
		41548F5C23F434EB0055E981 /* Base */ = {isa = PBXFileReference; lastKnownFileType = file.storyboard; name = Base; path = Base.lproj/Main.storyboard; sourceTree = "<group>"; };
		41548F5E23F434EE0055E981 /* Assets.xcassets */ = {isa = PBXFileReference; lastKnownFileType = folder.assetcatalog; path = Assets.xcassets; sourceTree = "<group>"; };
		41548F6123F434EE0055E981 /* Base */ = {isa = PBXFileReference; lastKnownFileType = file.storyboard; name = Base; path = Base.lproj/LaunchScreen.storyboard; sourceTree = "<group>"; };
		41548F6323F434EE0055E981 /* Info.plist */ = {isa = PBXFileReference; lastKnownFileType = text.plist.xml; path = Info.plist; sourceTree = "<group>"; };
		41790D2F23FED24E0091E82B /* RAMSportMainCenterCircleView.swift */ = {isa = PBXFileReference; lastKnownFileType = sourcecode.swift; path = RAMSportMainCenterCircleView.swift; sourceTree = "<group>"; };
		41790D3D23FFB1340091E82B /* RAMSportMainCurveView.swift */ = {isa = PBXFileReference; lastKnownFileType = sourcecode.swift; path = RAMSportMainCurveView.swift; sourceTree = "<group>"; };
		4193476D2418E82E0092A0A2 /* RAMRunningMapModel.swift */ = {isa = PBXFileReference; lastKnownFileType = sourcecode.swift; path = RAMRunningMapModel.swift; sourceTree = "<group>"; };
		41A33FE123FFCB9600B9D175 /* RAMSportMainRecordGraphView.swift */ = {isa = PBXFileReference; lastKnownFileType = sourcecode.swift; path = RAMSportMainRecordGraphView.swift; sourceTree = "<group>"; };
		41A33FE423FFD6A200B9D175 /* RAMSportMainAddView.swift */ = {isa = PBXFileReference; lastKnownFileType = sourcecode.swift; path = RAMSportMainAddView.swift; sourceTree = "<group>"; };
		41A5B89024289D7C00E3AF38 /* RAMRunningSegue.swift */ = {isa = PBXFileReference; lastKnownFileType = sourcecode.swift; path = RAMRunningSegue.swift; sourceTree = "<group>"; };
		41A5B8922428B2E000E3AF38 /* RAMRunningDismissSegue.swift */ = {isa = PBXFileReference; lastKnownFileType = sourcecode.swift; path = RAMRunningDismissSegue.swift; sourceTree = "<group>"; };
		41A73FFF23F676EC008637CD /* RAMGPXAnalysis.swift */ = {isa = PBXFileReference; lastKnownFileType = sourcecode.swift; path = RAMGPXAnalysis.swift; sourceTree = "<group>"; };
		41A7400123F67790008637CD /* RAMGPXModel.swift */ = {isa = PBXFileReference; lastKnownFileType = sourcecode.swift; path = RAMGPXModel.swift; sourceTree = "<group>"; };
		41A7400323F67CC6008637CD /* letoursport30.gpx */ = {isa = PBXFileReference; fileEncoding = 4; lastKnownFileType = text.xml; path = letoursport30.gpx; sourceTree = "<group>"; };
		41A7400923F68767008637CD /* RAMSportTests.xctest */ = {isa = PBXFileReference; explicitFileType = wrapper.cfbundle; includeInIndex = 0; path = RAMSportTests.xctest; sourceTree = BUILT_PRODUCTS_DIR; };
		41A7400B23F68767008637CD /* RAMSportTests.swift */ = {isa = PBXFileReference; lastKnownFileType = sourcecode.swift; path = RAMSportTests.swift; sourceTree = "<group>"; };
		41A7400D23F68767008637CD /* Info.plist */ = {isa = PBXFileReference; lastKnownFileType = text.plist.xml; path = Info.plist; sourceTree = "<group>"; };
		41D257A223F57D520028B094 /* letoursport8.gpx */ = {isa = PBXFileReference; fileEncoding = 4; lastKnownFileType = text.xml; path = letoursport8.gpx; sourceTree = "<group>"; };
		767F4668AE904DA05EBE4748 /* Pods-RAMSport.release.xcconfig */ = {isa = PBXFileReference; includeInIndex = 1; lastKnownFileType = text.xcconfig; name = "Pods-RAMSport.release.xcconfig"; path = "Target Support Files/Pods-RAMSport/Pods-RAMSport.release.xcconfig"; sourceTree = "<group>"; };
		7B733B656961DB7E32C8795E /* Pods-RAMSport.debug.xcconfig */ = {isa = PBXFileReference; includeInIndex = 1; lastKnownFileType = text.xcconfig; name = "Pods-RAMSport.debug.xcconfig"; path = "Target Support Files/Pods-RAMSport/Pods-RAMSport.debug.xcconfig"; sourceTree = "<group>"; };
/* End PBXFileReference section */

/* Begin PBXFrameworksBuildPhase section */
		41548F4F23F434EB0055E981 /* Frameworks */ = {
			isa = PBXFrameworksBuildPhase;
			buildActionMask = 2147483647;
			files = (
				A16B35482E1BAEBBB32BC3FF /* Pods_RAMSport.framework in Frameworks */,
			);
			runOnlyForDeploymentPostprocessing = 0;
		};
		41A7400623F68767008637CD /* Frameworks */ = {
			isa = PBXFrameworksBuildPhase;
			buildActionMask = 2147483647;
			files = (
			);
			runOnlyForDeploymentPostprocessing = 0;
		};
/* End PBXFrameworksBuildPhase section */

/* Begin PBXGroup section */
		4121B06C23F97189002CF1DA /* Navigator */ = {
			isa = PBXGroup;
			children = (
				4121B06D23F971B7002CF1DA /* RAMNavigator.swift */,
			);
			name = Navigator;
			sourceTree = "<group>";
		};
		4121B06F23F97952002CF1DA /* Util */ = {
			isa = PBXGroup;
			children = (
				41A73FFF23F676EC008637CD /* RAMGPXAnalysis.swift */,
				4121B07023F9796E002CF1DA /* RAMUtil.swift */,
				4121B07323FA648B002CF1DA /* RAMViewFrameExtension.swift */,
				4121B07B23FBE374002CF1DA /* RAMLocationMars.swift */,
				4121B09423FE66E2002CF1DA /* RAMViewLineExtension.swift */,
				4121B09623FE6C18002CF1DA /* RAMMacros.swift */,
			);
			path = Util;
			sourceTree = "<group>";
		};
		4121B08723FD1051002CF1DA /* Model */ = {
			isa = PBXGroup;
			children = (
				41A7400123F67790008637CD /* RAMGPXModel.swift */,
				4121B08523FD1043002CF1DA /* RAMUserModel.swift */,
				4121B08923FD2248002CF1DA /* RAMRunModel.swift */,
				4121B08B23FD229C002CF1DA /* RAMMonthRunModel.swift */,
				4121B09823FE736D002CF1DA /* RAMStaticTableCellData.swift */,
			);
			path = Model;
			sourceTree = "<group>";
		};
		4121B08D23FD5BD3002CF1DA /* Supporting Files */ = {
			isa = PBXGroup;
			children = (
				41D257A223F57D520028B094 /* letoursport8.gpx */,
				41A7400323F67CC6008637CD /* letoursport30.gpx */,
				4121B07D23FBFB2E002CF1DA /* rencai.gpx */,
				4121B07E23FBFB2E002CF1DA /* run.gpx */,
				41548F5E23F434EE0055E981 /* Assets.xcassets */,
				41548F6023F434EE0055E981 /* LaunchScreen.storyboard */,
				41548F6323F434EE0055E981 /* Info.plist */,
			);
			path = "Supporting Files";
			sourceTree = "<group>";
		};
		4121B08E23FD5C1A002CF1DA /* VC */ = {
			isa = PBXGroup;
			children = (
				41A33FE323FFD65B00B9D175 /* Main */,
				4121B06623F90C4C002CF1DA /* RAMPathRecordController.swift */,
				4121B06823F90C6F002CF1DA /* RAMUserController.swift */,
				41343E8C2400DC980016A82F /* Record */,
				41343E8E2400DCC10016A82F /* Running */,
				41343E8D2400DCB60016A82F /* Detail */,
			);
			path = VC;
			sourceTree = "<group>";
		};
		41343E8C2400DC980016A82F /* Record */ = {
			isa = PBXGroup;
			children = (
				4121B06A23F90C96002CF1DA /* RAMRecordController.swift */,
				4121B08123FCD588002CF1DA /* RAMRecordTableViewCell.swift */,
				4121B08323FCD8E5002CF1DA /* RAMRecordSectionHeaderView.swift */,
			);
			path = Record;
			sourceTree = "<group>";
		};
		41343E8D2400DCB60016A82F /* Detail */ = {
			isa = PBXGroup;
			children = (
				4121B09023FD7D40002CF1DA /* RAMDetailController.swift */,
				4121B09223FD8881002CF1DA /* RAMDetailDateTableViewCell.swift */,
				4121B09A23FE79F4002CF1DA /* RAMDetailInfoTableViewCell.swift */,
				4121B09C23FE8771002CF1DA /* RAMDetailMapTableViewCell.swift */,
				4121B09E23FE89FB002CF1DA /* RAMDetailMapController.swift */,
			);
			path = Detail;
			sourceTree = "<group>";
		};
		41343E8E2400DCC10016A82F /* Running */ = {
			isa = PBXGroup;
			children = (
				4193476C2418E8080092A0A2 /* Model */,
				4121B07723FA79EA002CF1DA /* RAMRunningMapController.swift */,
				41A5B89024289D7C00E3AF38 /* RAMRunningSegue.swift */,
				41A5B8922428B2E000E3AF38 /* RAMRunningDismissSegue.swift */,
				41343E8F2400F8440016A82F /* RAMRunningInfoView.swift */,
				41343E97240220670016A82F /* RAMRunningManuView.swift */,
				41343E9124021CB40016A82F /* RAMRunningPauseView.swift */,
				41343E9324021CC50016A82F /* RAMRunningStartView.swift */,
				41343E9524021CD00016A82F /* RAMRunningEndView.swift */,
				41343E9B240221140016A82F /* RAMRunningMusicView.swift */,
				41343E99240221020016A82F /* RAMRunningPageControlView.swift */,
				4121B07523FA70C2002CF1DA /* RAMRunningController.swift */,
				4121B07923FA79FD002CF1DA /* RAMRunningDetailController.swift */,
			);
			path = Running;
			sourceTree = "<group>";
		};
		41548F4923F434EB0055E981 = {
			isa = PBXGroup;
			children = (
				41548F5423F434EB0055E981 /* RAMSport */,
				41A7400A23F68767008637CD /* RAMSportTests */,
				41548F5323F434EB0055E981 /* Products */,
				66F7AA68ABC25BE10BE5C78D /* Pods */,
				7D64FBC29E999FEC44431B83 /* Frameworks */,
			);
			sourceTree = "<group>";
		};
		41548F5323F434EB0055E981 /* Products */ = {
			isa = PBXGroup;
			children = (
				41548F5223F434EB0055E981 /* RAMSport.app */,
				41A7400923F68767008637CD /* RAMSportTests.xctest */,
			);
			name = Products;
			sourceTree = "<group>";
		};
		41548F5423F434EB0055E981 /* RAMSport */ = {
			isa = PBXGroup;
			children = (
				41548F5523F434EB0055E981 /* AppDelegate.swift */,
				41548F5B23F434EB0055E981 /* Main.storyboard */,
				4121B08723FD1051002CF1DA /* Model */,
				4121B08E23FD5C1A002CF1DA /* VC */,
				4121B06F23F97952002CF1DA /* Util */,
				4121B06C23F97189002CF1DA /* Navigator */,
				4121B08D23FD5BD3002CF1DA /* Supporting Files */,
			);
			path = RAMSport;
			sourceTree = "<group>";
		};
		4193476C2418E8080092A0A2 /* Model */ = {
			isa = PBXGroup;
			children = (
				4193476D2418E82E0092A0A2 /* RAMRunningMapModel.swift */,
			);
			path = Model;
			sourceTree = "<group>";
		};
		41A33FE323FFD65B00B9D175 /* Main */ = {
			isa = PBXGroup;
			children = (
				41548F5923F434EB0055E981 /* RAMSportMainController.swift */,
				41790D2F23FED24E0091E82B /* RAMSportMainCenterCircleView.swift */,
				41A33FE123FFCB9600B9D175 /* RAMSportMainRecordGraphView.swift */,
				41790D3D23FFB1340091E82B /* RAMSportMainCurveView.swift */,
				41A33FE423FFD6A200B9D175 /* RAMSportMainAddView.swift */,
				41343E8A2400243D0016A82F /* RAMSportMainHeadView.swift */,
			);
			path = Main;
			sourceTree = "<group>";
		};
		41A7400A23F68767008637CD /* RAMSportTests */ = {
			isa = PBXGroup;
			children = (
				41A7400B23F68767008637CD /* RAMSportTests.swift */,
				41A7400D23F68767008637CD /* Info.plist */,
			);
			path = RAMSportTests;
			sourceTree = "<group>";
		};
		66F7AA68ABC25BE10BE5C78D /* Pods */ = {
			isa = PBXGroup;
			children = (
				7B733B656961DB7E32C8795E /* Pods-RAMSport.debug.xcconfig */,
				767F4668AE904DA05EBE4748 /* Pods-RAMSport.release.xcconfig */,
			);
			path = Pods;
			sourceTree = "<group>";
		};
		7D64FBC29E999FEC44431B83 /* Frameworks */ = {
			isa = PBXGroup;
			children = (
				33909F8680AFA7B13912EBEB /* Pods_RAMSport.framework */,
			);
			name = Frameworks;
			sourceTree = "<group>";
		};
/* End PBXGroup section */

/* Begin PBXNativeTarget section */
		41548F5123F434EB0055E981 /* RAMSport */ = {
			isa = PBXNativeTarget;
			buildConfigurationList = 41548F6623F434EE0055E981 /* Build configuration list for PBXNativeTarget "RAMSport" */;
			buildPhases = (
				4D017A6A1FCE65CB84F77F24 /* [CP] Check Pods Manifest.lock */,
				41548F4E23F434EB0055E981 /* Sources */,
				41548F4F23F434EB0055E981 /* Frameworks */,
				41548F5023F434EB0055E981 /* Resources */,
				789F0C1746646037B95EF7E7 /* [CP] Copy Pods Resources */,
				5616AFA14C777F5C27680F2D /* [CP] Embed Pods Frameworks */,
			);
			buildRules = (
			);
			dependencies = (
			);
			name = RAMSport;
			productName = RAMSport;
			productReference = 41548F5223F434EB0055E981 /* RAMSport.app */;
			productType = "com.apple.product-type.application";
		};
		41A7400823F68767008637CD /* RAMSportTests */ = {
			isa = PBXNativeTarget;
			buildConfigurationList = 41A7401023F68767008637CD /* Build configuration list for PBXNativeTarget "RAMSportTests" */;
			buildPhases = (
				41A7400523F68767008637CD /* Sources */,
				41A7400623F68767008637CD /* Frameworks */,
				41A7400723F68767008637CD /* Resources */,
			);
			buildRules = (
			);
			dependencies = (
				41A7400F23F68767008637CD /* PBXTargetDependency */,
			);
			name = RAMSportTests;
			productName = RAMSportTests;
			productReference = 41A7400923F68767008637CD /* RAMSportTests.xctest */;
			productType = "com.apple.product-type.bundle.unit-test";
		};
/* End PBXNativeTarget section */

/* Begin PBXProject section */
		41548F4A23F434EB0055E981 /* Project object */ = {
			isa = PBXProject;
			attributes = {
				LastSwiftUpdateCheck = 1130;
				LastUpgradeCheck = 1130;
				ORGANIZATIONNAME = rambo;
				TargetAttributes = {
					41548F5123F434EB0055E981 = {
						CreatedOnToolsVersion = 11.3;
					};
					41A7400823F68767008637CD = {
						CreatedOnToolsVersion = 11.3;
						TestTargetID = 41548F5123F434EB0055E981;
					};
				};
			};
			buildConfigurationList = 41548F4D23F434EB0055E981 /* Build configuration list for PBXProject "RAMSport" */;
			compatibilityVersion = "Xcode 9.3";
			developmentRegion = en;
			hasScannedForEncodings = 0;
			knownRegions = (
				en,
				Base,
			);
			mainGroup = 41548F4923F434EB0055E981;
			productRefGroup = 41548F5323F434EB0055E981 /* Products */;
			projectDirPath = "";
			projectRoot = "";
			targets = (
				41548F5123F434EB0055E981 /* RAMSport */,
				41A7400823F68767008637CD /* RAMSportTests */,
			);
		};
/* End PBXProject section */

/* Begin PBXResourcesBuildPhase section */
		41548F5023F434EB0055E981 /* Resources */ = {
			isa = PBXResourcesBuildPhase;
			buildActionMask = 2147483647;
			files = (
				41A7400423F67CC6008637CD /* letoursport30.gpx in Resources */,
				41D257A323F57D520028B094 /* letoursport8.gpx in Resources */,
				41548F6223F434EE0055E981 /* LaunchScreen.storyboard in Resources */,
				41548F5F23F434EE0055E981 /* Assets.xcassets in Resources */,
				41548F5D23F434EB0055E981 /* Main.storyboard in Resources */,
				4121B07F23FBFB2F002CF1DA /* rencai.gpx in Resources */,
				4121B08023FBFB2F002CF1DA /* run.gpx in Resources */,
			);
			runOnlyForDeploymentPostprocessing = 0;
		};
		41A7400723F68767008637CD /* Resources */ = {
			isa = PBXResourcesBuildPhase;
			buildActionMask = 2147483647;
			files = (
			);
			runOnlyForDeploymentPostprocessing = 0;
		};
/* End PBXResourcesBuildPhase section */

/* Begin PBXShellScriptBuildPhase section */
		4D017A6A1FCE65CB84F77F24 /* [CP] Check Pods Manifest.lock */ = {
			isa = PBXShellScriptBuildPhase;
			buildActionMask = 2147483647;
			files = (
			);
			inputFileListPaths = (
			);
			inputPaths = (
				"${PODS_PODFILE_DIR_PATH}/Podfile.lock",
				"${PODS_ROOT}/Manifest.lock",
			);
			name = "[CP] Check Pods Manifest.lock";
			outputFileListPaths = (
			);
			outputPaths = (
				"$(DERIVED_FILE_DIR)/Pods-RAMSport-checkManifestLockResult.txt",
			);
			runOnlyForDeploymentPostprocessing = 0;
			shellPath = /bin/sh;
			shellScript = "diff \"${PODS_PODFILE_DIR_PATH}/Podfile.lock\" \"${PODS_ROOT}/Manifest.lock\" > /dev/null\nif [ $? != 0 ] ; then\n    # print error to STDERR\n    echo \"error: The sandbox is not in sync with the Podfile.lock. Run 'pod install' or update your CocoaPods installation.\" >&2\n    exit 1\nfi\n# This output is used by Xcode 'outputs' to avoid re-running this script phase.\necho \"SUCCESS\" > \"${SCRIPT_OUTPUT_FILE_0}\"\n";
			showEnvVarsInLog = 0;
		};
		5616AFA14C777F5C27680F2D /* [CP] Embed Pods Frameworks */ = {
			isa = PBXShellScriptBuildPhase;
			buildActionMask = 2147483647;
			files = (
			);
			inputFileListPaths = (
				"${PODS_ROOT}/Target Support Files/Pods-RAMSport/Pods-RAMSport-frameworks-${CONFIGURATION}-input-files.xcfilelist",
			);
			name = "[CP] Embed Pods Frameworks";
			outputFileListPaths = (
				"${PODS_ROOT}/Target Support Files/Pods-RAMSport/Pods-RAMSport-frameworks-${CONFIGURATION}-output-files.xcfilelist",
			);
			runOnlyForDeploymentPostprocessing = 0;
			shellPath = /bin/sh;
			shellScript = "\"${PODS_ROOT}/Target Support Files/Pods-RAMSport/Pods-RAMSport-frameworks.sh\"\n";
			showEnvVarsInLog = 0;
		};
		789F0C1746646037B95EF7E7 /* [CP] Copy Pods Resources */ = {
			isa = PBXShellScriptBuildPhase;
			buildActionMask = 2147483647;
			files = (
			);
			inputFileListPaths = (
				"${PODS_ROOT}/Target Support Files/Pods-RAMSport/Pods-RAMSport-resources-${CONFIGURATION}-input-files.xcfilelist",
			);
			name = "[CP] Copy Pods Resources";
			outputFileListPaths = (
				"${PODS_ROOT}/Target Support Files/Pods-RAMSport/Pods-RAMSport-resources-${CONFIGURATION}-output-files.xcfilelist",
			);
			runOnlyForDeploymentPostprocessing = 0;
			shellPath = /bin/sh;
			shellScript = "\"${PODS_ROOT}/Target Support Files/Pods-RAMSport/Pods-RAMSport-resources.sh\"\n";
			showEnvVarsInLog = 0;
		};
/* End PBXShellScriptBuildPhase section */

/* Begin PBXSourcesBuildPhase section */
		41548F4E23F434EB0055E981 /* Sources */ = {
			isa = PBXSourcesBuildPhase;
			buildActionMask = 2147483647;
			files = (
				41343E9424021CC50016A82F /* RAMRunningStartView.swift in Sources */,
				4121B09D23FE8771002CF1DA /* RAMDetailMapTableViewCell.swift in Sources */,
				4121B09323FD8881002CF1DA /* RAMDetailDateTableViewCell.swift in Sources */,
				41343E9224021CB40016A82F /* RAMRunningPauseView.swift in Sources */,
				4121B08A23FD2248002CF1DA /* RAMRunModel.swift in Sources */,
				4121B07C23FBE374002CF1DA /* RAMLocationMars.swift in Sources */,
				4121B06E23F971B7002CF1DA /* RAMNavigator.swift in Sources */,
				4121B07A23FA79FD002CF1DA /* RAMRunningDetailController.swift in Sources */,
				4121B08823FD18F3002CF1DA /* RAMGPXModel.swift in Sources */,
				4121B06723F90C4C002CF1DA /* RAMPathRecordController.swift in Sources */,
				4121B08C23FD229C002CF1DA /* RAMMonthRunModel.swift in Sources */,
				41A7400023F676EC008637CD /* RAMGPXAnalysis.swift in Sources */,
				41790D3E23FFB1340091E82B /* RAMSportMainCurveView.swift in Sources */,
				41A5B8932428B2E000E3AF38 /* RAMRunningDismissSegue.swift in Sources */,
				4121B09923FE736D002CF1DA /* RAMStaticTableCellData.swift in Sources */,
				4121B08423FCD8E5002CF1DA /* RAMRecordSectionHeaderView.swift in Sources */,
				41548F5A23F434EB0055E981 /* RAMSportMainController.swift in Sources */,
				4121B08223FCD588002CF1DA /* RAMRecordTableViewCell.swift in Sources */,
				41A33FE223FFCB9600B9D175 /* RAMSportMainRecordGraphView.swift in Sources */,
				4121B09B23FE79F4002CF1DA /* RAMDetailInfoTableViewCell.swift in Sources */,
				4121B06B23F90C96002CF1DA /* RAMRecordController.swift in Sources */,
				4121B07123F9796E002CF1DA /* RAMUtil.swift in Sources */,
				4121B07623FA70C2002CF1DA /* RAMRunningController.swift in Sources */,
				4121B09523FE66E3002CF1DA /* RAMViewLineExtension.swift in Sources */,
				41343E902400F8440016A82F /* RAMRunningInfoView.swift in Sources */,
				4121B09723FE6C18002CF1DA /* RAMMacros.swift in Sources */,
				41343E9A240221020016A82F /* RAMRunningPageControlView.swift in Sources */,
				41548F5623F434EB0055E981 /* AppDelegate.swift in Sources */,
				4193476E2418E82E0092A0A2 /* RAMRunningMapModel.swift in Sources */,
				4121B09123FD7D40002CF1DA /* RAMDetailController.swift in Sources */,
				41343E9C240221140016A82F /* RAMRunningMusicView.swift in Sources */,
				4121B09F23FE89FB002CF1DA /* RAMDetailMapController.swift in Sources */,
				41A5B89124289D7C00E3AF38 /* RAMRunningSegue.swift in Sources */,
				4121B08623FD1043002CF1DA /* RAMUserModel.swift in Sources */,
				41343E9624021CD00016A82F /* RAMRunningEndView.swift in Sources */,
				41A33FE523FFD6A200B9D175 /* RAMSportMainAddView.swift in Sources */,
				41790D3023FED24E0091E82B /* RAMSportMainCenterCircleView.swift in Sources */,
				4121B07423FA648C002CF1DA /* RAMViewFrameExtension.swift in Sources */,
				4121B06923F90C6F002CF1DA /* RAMUserController.swift in Sources */,
				41343E98240220670016A82F /* RAMRunningManuView.swift in Sources */,
				4121B07823FA79EA002CF1DA /* RAMRunningMapController.swift in Sources */,
				41343E8B2400243D0016A82F /* RAMSportMainHeadView.swift in Sources */,
			);
			runOnlyForDeploymentPostprocessing = 0;
		};
		41A7400523F68767008637CD /* Sources */ = {
			isa = PBXSourcesBuildPhase;
			buildActionMask = 2147483647;
			files = (
				41A7400C23F68767008637CD /* RAMSportTests.swift in Sources */,
			);
			runOnlyForDeploymentPostprocessing = 0;
		};
/* End PBXSourcesBuildPhase section */

/* Begin PBXTargetDependency section */
		41A7400F23F68767008637CD /* PBXTargetDependency */ = {
			isa = PBXTargetDependency;
			target = 41548F5123F434EB0055E981 /* RAMSport */;
			targetProxy = 41A7400E23F68767008637CD /* PBXContainerItemProxy */;
		};
/* End PBXTargetDependency section */

/* Begin PBXVariantGroup section */
		41548F5B23F434EB0055E981 /* Main.storyboard */ = {
			isa = PBXVariantGroup;
			children = (
				41548F5C23F434EB0055E981 /* Base */,
			);
			name = Main.storyboard;
			sourceTree = "<group>";
		};
		41548F6023F434EE0055E981 /* LaunchScreen.storyboard */ = {
			isa = PBXVariantGroup;
			children = (
				41548F6123F434EE0055E981 /* Base */,
			);
			name = LaunchScreen.storyboard;
			sourceTree = "<group>";
		};
/* End PBXVariantGroup section */

/* Begin XCBuildConfiguration section */
		41548F6423F434EE0055E981 /* Debug */ = {
			isa = XCBuildConfiguration;
			buildSettings = {
				ALWAYS_SEARCH_USER_PATHS = NO;
				CLANG_ANALYZER_NONNULL = YES;
				CLANG_ANALYZER_NUMBER_OBJECT_CONVERSION = YES_AGGRESSIVE;
				CLANG_CXX_LANGUAGE_STANDARD = "gnu++14";
				CLANG_CXX_LIBRARY = "libc++";
				CLANG_ENABLE_MODULES = YES;
				CLANG_ENABLE_OBJC_ARC = YES;
				CLANG_ENABLE_OBJC_WEAK = YES;
				CLANG_WARN_BLOCK_CAPTURE_AUTORELEASING = YES;
				CLANG_WARN_BOOL_CONVERSION = YES;
				CLANG_WARN_COMMA = YES;
				CLANG_WARN_CONSTANT_CONVERSION = YES;
				CLANG_WARN_DEPRECATED_OBJC_IMPLEMENTATIONS = YES;
				CLANG_WARN_DIRECT_OBJC_ISA_USAGE = YES_ERROR;
				CLANG_WARN_DOCUMENTATION_COMMENTS = YES;
				CLANG_WARN_EMPTY_BODY = YES;
				CLANG_WARN_ENUM_CONVERSION = YES;
				CLANG_WARN_INFINITE_RECURSION = YES;
				CLANG_WARN_INT_CONVERSION = YES;
				CLANG_WARN_NON_LITERAL_NULL_CONVERSION = YES;
				CLANG_WARN_OBJC_IMPLICIT_RETAIN_SELF = YES;
				CLANG_WARN_OBJC_LITERAL_CONVERSION = YES;
				CLANG_WARN_OBJC_ROOT_CLASS = YES_ERROR;
				CLANG_WARN_RANGE_LOOP_ANALYSIS = YES;
				CLANG_WARN_STRICT_PROTOTYPES = YES;
				CLANG_WARN_SUSPICIOUS_MOVE = YES;
				CLANG_WARN_UNGUARDED_AVAILABILITY = YES_AGGRESSIVE;
				CLANG_WARN_UNREACHABLE_CODE = YES;
				CLANG_WARN__DUPLICATE_METHOD_MATCH = YES;
				COPY_PHASE_STRIP = NO;
				DEBUG_INFORMATION_FORMAT = dwarf;
				ENABLE_STRICT_OBJC_MSGSEND = YES;
				ENABLE_TESTABILITY = YES;
				GCC_C_LANGUAGE_STANDARD = gnu11;
				GCC_DYNAMIC_NO_PIC = NO;
				GCC_NO_COMMON_BLOCKS = YES;
				GCC_OPTIMIZATION_LEVEL = 0;
				GCC_PREPROCESSOR_DEFINITIONS = (
					"DEBUG=1",
					"$(inherited)",
				);
				GCC_WARN_64_TO_32_BIT_CONVERSION = YES;
				GCC_WARN_ABOUT_RETURN_TYPE = YES_ERROR;
				GCC_WARN_UNDECLARED_SELECTOR = YES;
				GCC_WARN_UNINITIALIZED_AUTOS = YES_AGGRESSIVE;
				GCC_WARN_UNUSED_FUNCTION = YES;
				GCC_WARN_UNUSED_VARIABLE = YES;
				IPHONEOS_DEPLOYMENT_TARGET = 13.2;
				MTL_ENABLE_DEBUG_INFO = INCLUDE_SOURCE;
				MTL_FAST_MATH = YES;
				ONLY_ACTIVE_ARCH = YES;
				SDKROOT = iphoneos;
				SWIFT_ACTIVE_COMPILATION_CONDITIONS = DEBUG;
				SWIFT_OPTIMIZATION_LEVEL = "-Onone";
			};
			name = Debug;
		};
		41548F6523F434EE0055E981 /* Release */ = {
			isa = XCBuildConfiguration;
			buildSettings = {
				ALWAYS_SEARCH_USER_PATHS = NO;
				CLANG_ANALYZER_NONNULL = YES;
				CLANG_ANALYZER_NUMBER_OBJECT_CONVERSION = YES_AGGRESSIVE;
				CLANG_CXX_LANGUAGE_STANDARD = "gnu++14";
				CLANG_CXX_LIBRARY = "libc++";
				CLANG_ENABLE_MODULES = YES;
				CLANG_ENABLE_OBJC_ARC = YES;
				CLANG_ENABLE_OBJC_WEAK = YES;
				CLANG_WARN_BLOCK_CAPTURE_AUTORELEASING = YES;
				CLANG_WARN_BOOL_CONVERSION = YES;
				CLANG_WARN_COMMA = YES;
				CLANG_WARN_CONSTANT_CONVERSION = YES;
				CLANG_WARN_DEPRECATED_OBJC_IMPLEMENTATIONS = YES;
				CLANG_WARN_DIRECT_OBJC_ISA_USAGE = YES_ERROR;
				CLANG_WARN_DOCUMENTATION_COMMENTS = YES;
				CLANG_WARN_EMPTY_BODY = YES;
				CLANG_WARN_ENUM_CONVERSION = YES;
				CLANG_WARN_INFINITE_RECURSION = YES;
				CLANG_WARN_INT_CONVERSION = YES;
				CLANG_WARN_NON_LITERAL_NULL_CONVERSION = YES;
				CLANG_WARN_OBJC_IMPLICIT_RETAIN_SELF = YES;
				CLANG_WARN_OBJC_LITERAL_CONVERSION = YES;
				CLANG_WARN_OBJC_ROOT_CLASS = YES_ERROR;
				CLANG_WARN_RANGE_LOOP_ANALYSIS = YES;
				CLANG_WARN_STRICT_PROTOTYPES = YES;
				CLANG_WARN_SUSPICIOUS_MOVE = YES;
				CLANG_WARN_UNGUARDED_AVAILABILITY = YES_AGGRESSIVE;
				CLANG_WARN_UNREACHABLE_CODE = YES;
				CLANG_WARN__DUPLICATE_METHOD_MATCH = YES;
				COPY_PHASE_STRIP = NO;
				DEBUG_INFORMATION_FORMAT = "dwarf-with-dsym";
				ENABLE_NS_ASSERTIONS = NO;
				ENABLE_STRICT_OBJC_MSGSEND = YES;
				GCC_C_LANGUAGE_STANDARD = gnu11;
				GCC_NO_COMMON_BLOCKS = YES;
				GCC_WARN_64_TO_32_BIT_CONVERSION = YES;
				GCC_WARN_ABOUT_RETURN_TYPE = YES_ERROR;
				GCC_WARN_UNDECLARED_SELECTOR = YES;
				GCC_WARN_UNINITIALIZED_AUTOS = YES_AGGRESSIVE;
				GCC_WARN_UNUSED_FUNCTION = YES;
				GCC_WARN_UNUSED_VARIABLE = YES;
				IPHONEOS_DEPLOYMENT_TARGET = 13.2;
				MTL_ENABLE_DEBUG_INFO = NO;
				MTL_FAST_MATH = YES;
				SDKROOT = iphoneos;
				SWIFT_COMPILATION_MODE = wholemodule;
				SWIFT_OPTIMIZATION_LEVEL = "-O";
				VALIDATE_PRODUCT = YES;
			};
			name = Release;
		};
		41548F6723F434EE0055E981 /* Debug */ = {
			isa = XCBuildConfiguration;
			baseConfigurationReference = 7B733B656961DB7E32C8795E /* Pods-RAMSport.debug.xcconfig */;
			buildSettings = {
				ASSETCATALOG_COMPILER_APPICON_NAME = AppIcon;
				CODE_SIGN_STYLE = Automatic;
				DEVELOPMENT_TEAM = MEEVZF39DJ;
				INFOPLIST_FILE = "$(SRCROOT)/RAMSport/Supporting Files/Info.plist";
				IPHONEOS_DEPLOYMENT_TARGET = 11.0;
				LD_RUNPATH_SEARCH_PATHS = (
					"$(inherited)",
					"@executable_path/Frameworks",
				);
				PRODUCT_BUNDLE_IDENTIFIER = com.rambo.RAMSport;
				PRODUCT_NAME = "$(TARGET_NAME)";
				SWIFT_VERSION = 5.0;
				TARGETED_DEVICE_FAMILY = "1,2";
			};
			name = Debug;
		};
		41548F6823F434EE0055E981 /* Release */ = {
			isa = XCBuildConfiguration;
			baseConfigurationReference = 767F4668AE904DA05EBE4748 /* Pods-RAMSport.release.xcconfig */;
			buildSettings = {
				ASSETCATALOG_COMPILER_APPICON_NAME = AppIcon;
				CODE_SIGN_STYLE = Automatic;
				DEVELOPMENT_TEAM = MEEVZF39DJ;
				INFOPLIST_FILE = "$(SRCROOT)/RAMSport/Supporting Files/Info.plist";
				IPHONEOS_DEPLOYMENT_TARGET = 11.0;
				LD_RUNPATH_SEARCH_PATHS = (
					"$(inherited)",
					"@executable_path/Frameworks",
				);
				PRODUCT_BUNDLE_IDENTIFIER = com.rambo.RAMSport;
				PRODUCT_NAME = "$(TARGET_NAME)";
				SWIFT_VERSION = 5.0;
				TARGETED_DEVICE_FAMILY = "1,2";
			};
			name = Release;
		};
		41A7401123F68767008637CD /* Debug */ = {
			isa = XCBuildConfiguration;
			buildSettings = {
				BUNDLE_LOADER = "$(TEST_HOST)";
				CODE_SIGN_STYLE = Automatic;
				DEVELOPMENT_TEAM = MEEVZF39DJ;
				INFOPLIST_FILE = RAMSportTests/Info.plist;
				LD_RUNPATH_SEARCH_PATHS = (
					"$(inherited)",
					"@executable_path/Frameworks",
					"@loader_path/Frameworks",
				);
				PRODUCT_BUNDLE_IDENTIFIER = com.rambo.RAMSportTests;
				PRODUCT_NAME = "$(TARGET_NAME)";
				SWIFT_VERSION = 5.0;
				TARGETED_DEVICE_FAMILY = "1,2";
				TEST_HOST = "$(BUILT_PRODUCTS_DIR)/RAMSport.app/RAMSport";
			};
			name = Debug;
		};
		41A7401223F68767008637CD /* Release */ = {
			isa = XCBuildConfiguration;
			buildSettings = {
				BUNDLE_LOADER = "$(TEST_HOST)";
				CODE_SIGN_STYLE = Automatic;
				DEVELOPMENT_TEAM = MEEVZF39DJ;
				INFOPLIST_FILE = RAMSportTests/Info.plist;
				LD_RUNPATH_SEARCH_PATHS = (
					"$(inherited)",
					"@executable_path/Frameworks",
					"@loader_path/Frameworks",
				);
				PRODUCT_BUNDLE_IDENTIFIER = com.rambo.RAMSportTests;
				PRODUCT_NAME = "$(TARGET_NAME)";
				SWIFT_VERSION = 5.0;
				TARGETED_DEVICE_FAMILY = "1,2";
				TEST_HOST = "$(BUILT_PRODUCTS_DIR)/RAMSport.app/RAMSport";
			};
			name = Release;
		};
/* End XCBuildConfiguration section */

/* Begin XCConfigurationList section */
		41548F4D23F434EB0055E981 /* Build configuration list for PBXProject "RAMSport" */ = {
			isa = XCConfigurationList;
			buildConfigurations = (
				41548F6423F434EE0055E981 /* Debug */,
				41548F6523F434EE0055E981 /* Release */,
			);
			defaultConfigurationIsVisible = 0;
			defaultConfigurationName = Release;
		};
		41548F6623F434EE0055E981 /* Build configuration list for PBXNativeTarget "RAMSport" */ = {
			isa = XCConfigurationList;
			buildConfigurations = (
				41548F6723F434EE0055E981 /* Debug */,
				41548F6823F434EE0055E981 /* Release */,
			);
			defaultConfigurationIsVisible = 0;
			defaultConfigurationName = Release;
		};
		41A7401023F68767008637CD /* Build configuration list for PBXNativeTarget "RAMSportTests" */ = {
			isa = XCConfigurationList;
			buildConfigurations = (
				41A7401123F68767008637CD /* Debug */,
				41A7401223F68767008637CD /* Release */,
			);
			defaultConfigurationIsVisible = 0;
			defaultConfigurationName = Release;
		};
/* End XCConfigurationList section */
	};
	rootObject = 41548F4A23F434EB0055E981 /* Project object */;
}
